
Microsoft Visual Studio Solution File, Format Version 12.00
# Visual Studio 2013
VisualStudioVersion = 12.0.21005.1
MinimumVisualStudioVersion = 10.0.40219.1
Project("{2150E333-8FDC-42A3-9474-1A3956D46DE8}") = "1DbBridge", "1DbBridge", "{B15F23AF-FB38-4DA8-B927-1104BC7A80B5}"
EndProject
Project("{FAE04EC0-301F-11D3-BF4B-00C04F79EFBC}") = "DJ_DbBridge", "DJ_DbBridge\DJ_DbBridge.csproj", "{0C478B2C-78B1-4D64-AA77-A0771DB1014C}"
EndProject
Project("{2150E333-8FDC-42A3-9474-1A3956D46DE8}") = "2Entity", "2Entity", "{33B709F1-2F12-4877-BDFC-5DDA8CFFE424}"
EndProject
Project("{FAE04EC0-301F-11D3-BF4B-00C04F79EFBC}") = "DJ_Entity", "DJ_Entity\DJ_Entity.csproj", "{B64FE42D-1AF3-4D7B-A69B-9A36998B4877}"
EndProject
Project("{2150E333-8FDC-42A3-9474-1A3956D46DE8}") = "3DAL", "3DAL", "{A8E8C752-F9D1-4B30-A56D-B2756BEAE594}"
EndProject
Project("{2150E333-8FDC-42A3-9474-1A3956D46DE8}") = "4BAL", "4BAL", "{E415845C-8E0D-40CC-A9AA-C9538B12EA88}"
EndProject
Project("{2150E333-8FDC-42A3-9474-1A3956D46DE8}") = "5Utilities", "5Utilities", "{D0CF8166-E54C-42C4-95A3-77E8393D6089}"
EndProject
Project("{FAE04EC0-301F-11D3-BF4B-00C04F79EFBC}") = "DJ_DAL", "DJ_DAL\DJ_DAL.csproj", "{5C914F74-9FF8-4562-A257-35643753458B}"
EndProject
Project("{FAE04EC0-301F-11D3-BF4B-00C04F79EFBC}") = "DJ_BAL", "DJ_BAL\DJ_BAL.csproj", "{B425AB34-2A76-478A-BE9A-F415F4FB7C34}"
EndProject
Project("{FAE04EC0-301F-11D3-BF4B-00C04F79EFBC}") = "DJ_Utilities", "DJ_Utilities\DJ_Utilities.csproj", "{53189517-D395-4015-AC4F-04332AFE32D6}"
EndProject
Project("{FAE04EC0-301F-11D3-BF4B-00C04F79EFBC}") = "DreamJob.WEB", "DreamJob.WEB\DreamJob.WEB.csproj", "{68077F8B-E185-4A2C-B7F7-D9971CB1730C}"
EndProject
Project("{FAE04EC0-301F-11D3-BF4B-00C04F79EFBC}") = "CRM.Entity", "CRM.Entity\CRM.Entity.csproj", "{23919442-81C7-4B73-B283-2C9B647C4B75}"
EndProject
Project("{FAE04EC0-301F-11D3-BF4B-00C04F79EFBC}") = "CRM.BLL", "CRM.BLL\CRM.BLL.csproj", "{644152E9-F19C-461F-BC41-B0DA16D92FAC}"
EndProject
Project("{FAE04EC0-301F-11D3-BF4B-00C04F79EFBC}") = "CRM.DAL", "CRM.DAL\CRM.DAL.csproj", "{8C5AAFE2-0C76-4C47-8233-EFDC9F90C5CC}"
EndProject
Global
	GlobalSection(SolutionConfigurationPlatforms) = preSolution
		Debug|Any CPU = Debug|Any CPU
		Release|Any CPU = Release|Any CPU
	EndGlobalSection
	GlobalSection(ProjectConfigurationPlatforms) = postSolution
		{0C478B2C-78B1-4D64-AA77-A0771DB1014C}.Debug|Any CPU.ActiveCfg = Debug|Any CPU
		{0C478B2C-78B1-4D64-AA77-A0771DB1014C}.Debug|Any CPU.Build.0 = Debug|Any CPU
		{0C478B2C-78B1-4D64-AA77-A0771DB1014C}.Release|Any CPU.ActiveCfg = Release|Any CPU
		{0C478B2C-78B1-4D64-AA77-A0771DB1014C}.Release|Any CPU.Build.0 = Release|Any CPU
		{B64FE42D-1AF3-4D7B-A69B-9A36998B4877}.Debug|Any CPU.ActiveCfg = Debug|Any CPU
		{B64FE42D-1AF3-4D7B-A69B-9A36998B4877}.Debug|Any CPU.Build.0 = Debug|Any CPU
		{B64FE42D-1AF3-4D7B-A69B-9A36998B4877}.Release|Any CPU.ActiveCfg = Release|Any CPU
		{B64FE42D-1AF3-4D7B-A69B-9A36998B4877}.Release|Any CPU.Build.0 = Release|Any CPU
		{5C914F74-9FF8-4562-A257-35643753458B}.Debug|Any CPU.ActiveCfg = Debug|Any CPU
		{5C914F74-9FF8-4562-A257-35643753458B}.Debug|Any CPU.Build.0 = Debug|Any CPU
		{5C914F74-9FF8-4562-A257-35643753458B}.Release|Any CPU.ActiveCfg = Release|Any CPU
		{5C914F74-9FF8-4562-A257-35643753458B}.Release|Any CPU.Build.0 = Release|Any CPU
		{B425AB34-2A76-478A-BE9A-F415F4FB7C34}.Debug|Any CPU.ActiveCfg = Debug|Any CPU
		{B425AB34-2A76-478A-BE9A-F415F4FB7C34}.Debug|Any CPU.Build.0 = Debug|Any CPU
		{B425AB34-2A76-478A-BE9A-F415F4FB7C34}.Release|Any CPU.ActiveCfg = Release|Any CPU
		{B425AB34-2A76-478A-BE9A-F415F4FB7C34}.Release|Any CPU.Build.0 = Release|Any CPU
		{53189517-D395-4015-AC4F-04332AFE32D6}.Debug|Any CPU.ActiveCfg = Debug|Any CPU
		{53189517-D395-4015-AC4F-04332AFE32D6}.Debug|Any CPU.Build.0 = Debug|Any CPU
		{53189517-D395-4015-AC4F-04332AFE32D6}.Release|Any CPU.ActiveCfg = Release|Any CPU
		{53189517-D395-4015-AC4F-04332AFE32D6}.Release|Any CPU.Build.0 = Release|Any CPU
		{68077F8B-E185-4A2C-B7F7-D9971CB1730C}.Debug|Any CPU.ActiveCfg = Debug|Any CPU
		{68077F8B-E185-4A2C-B7F7-D9971CB1730C}.Debug|Any CPU.Build.0 = Debug|Any CPU
		{68077F8B-E185-4A2C-B7F7-D9971CB1730C}.Release|Any CPU.ActiveCfg = Release|Any CPU
		{68077F8B-E185-4A2C-B7F7-D9971CB1730C}.Release|Any CPU.Build.0 = Release|Any CPU
		{23919442-81C7-4B73-B283-2C9B647C4B75}.Debug|Any CPU.ActiveCfg = Debug|Any CPU
		{23919442-81C7-4B73-B283-2C9B647C4B75}.Debug|Any CPU.Build.0 = Debug|Any CPU
		{23919442-81C7-4B73-B283-2C9B647C4B75}.Release|Any CPU.ActiveCfg = Release|Any CPU
		{23919442-81C7-4B73-B283-2C9B647C4B75}.Release|Any CPU.Build.0 = Release|Any CPU
		{644152E9-F19C-461F-BC41-B0DA16D92FAC}.Debug|Any CPU.ActiveCfg = Debug|Any CPU
		{644152E9-F19C-461F-BC41-B0DA16D92FAC}.Debug|Any CPU.Build.0 = Debug|Any CPU
		{644152E9-F19C-461F-BC41-B0DA16D92FAC}.Release|Any CPU.ActiveCfg = Release|Any CPU
		{644152E9-F19C-461F-BC41-B0DA16D92FAC}.Release|Any CPU.Build.0 = Release|Any CPU
		{8C5AAFE2-0C76-4C47-8233-EFDC9F90C5CC}.Debug|Any CPU.ActiveCfg = Debug|Any CPU
		{8C5AAFE2-0C76-4C47-8233-EFDC9F90C5CC}.Debug|Any CPU.Build.0 = Debug|Any CPU
		{8C5AAFE2-0C76-4C47-8233-EFDC9F90C5CC}.Release|Any CPU.ActiveCfg = Release|Any CPU
		{8C5AAFE2-0C76-4C47-8233-EFDC9F90C5CC}.Release|Any CPU.Build.0 = Release|Any CPU
	EndGlobalSection
	GlobalSection(SolutionProperties) = preSolution
		HideSolutionNode = FALSE
	EndGlobalSection
	GlobalSection(NestedProjects) = preSolution
		{0C478B2C-78B1-4D64-AA77-A0771DB1014C} = {B15F23AF-FB38-4DA8-B927-1104BC7A80B5}
		{B64FE42D-1AF3-4D7B-A69B-9A36998B4877} = {33B709F1-2F12-4877-BDFC-5DDA8CFFE424}
		{23919442-81C7-4B73-B283-2C9B647C4B75} = {33B709F1-2F12-4877-BDFC-5DDA8CFFE424}
		{5C914F74-9FF8-4562-A257-35643753458B} = {A8E8C752-F9D1-4B30-A56D-B2756BEAE594}
		{8C5AAFE2-0C76-4C47-8233-EFDC9F90C5CC} = {A8E8C752-F9D1-4B30-A56D-B2756BEAE594}
		{B425AB34-2A76-478A-BE9A-F415F4FB7C34} = {E415845C-8E0D-40CC-A9AA-C9538B12EA88}
		{644152E9-F19C-461F-BC41-B0DA16D92FAC} = {E415845C-8E0D-40CC-A9AA-C9538B12EA88}
		{53189517-D395-4015-AC4F-04332AFE32D6} = {D0CF8166-E54C-42C4-95A3-77E8393D6089}
	EndGlobalSection
EndGlobal
